
Microsoft Visual Studio Solution File, Format Version 12.00
# Visual Studio Version 16
VisualStudioVersion = 16.0.29215.179
MinimumVisualStudioVersion = 10.0.40219.1
Project("{FAE04EC0-301F-11D3-BF4B-00C04F79EFBC}") = "GitReader", "GitReader\GitReader.csproj", "{DB9EBBB4-26B9-40BF-9C31-B238B600DF48}"
EndProject
Global
	GlobalSection(SolutionConfigurationPlatforms) = preSolution
		Debug|Any CPU = Debug|Any CPU
		Release|Any CPU = Release|Any CPU
	EndGlobalSection
	GlobalSection(ProjectConfigurationPlatforms) = postSolution
		{DB9EBBB4-26B9-40BF-9C31-B238B600DF48}.Debug|Any CPU.ActiveCfg = Debug|Any CPU
		{DB9EBBB4-26B9-40BF-9C31-B238B600DF48}.Debug|Any CPU.Build.0 = Debug|Any CPU
		{DB9EBBB4-26B9-40BF-9C31-B238B600DF48}.Release|Any CPU.ActiveCfg = Release|Any CPU
		{DB9EBBB4-26B9-40BF-9C31-B238B600DF48}.Release|Any CPU.Build.0 = Release|Any CPU
	EndGlobalSection
	GlobalSection(SolutionProperties) = preSolution
		HideSolutionNode = FALSE
	EndGlobalSection
	GlobalSection(ExtensibilityGlobals) = postSolution
		SolutionGuid = {1EC53918-79FC-42B0-8CA1-6A45E219A5B4}
	EndGlobalSection
EndGlobal
